
Microsoft Visual Studio Solution File, Format Version 12.00
# Visual Studio 15
VisualStudioVersion = 15.0.26228.9
MinimumVisualStudioVersion = 10.0.40219.1
Project("{FAE04EC0-301F-11D3-BF4B-00C04F79EFBC}") = "YandexTranslateCSharpSdk", "YandexTranslateCSharpSdk\YandexTranslateCSharpSdk.csproj", "{5E7A4245-F0EC-4189-8387-637D7733D8C7}"
EndProject
Project("{FAE04EC0-301F-11D3-BF4B-00C04F79EFBC}") = "YandexTranslateCSharpSdkTests", "YandexTranslateCSharpSdkTests\YandexTranslateCSharpSdkTests.csproj", "{D588A6BC-A8AF-4578-BCCA-0EF907998195}"
	ProjectSection(ProjectDependencies) = postProject
		{5E7A4245-F0EC-4189-8387-637D7733D8C7} = {5E7A4245-F0EC-4189-8387-637D7733D8C7}
	EndProjectSection
EndProject
Project("{FAE04EC0-301F-11D3-BF4B-00C04F79EFBC}") = "YandexTranslateCSharpDemo", "YandexTranslateCSharpDemo\YandexTranslateCSharpDemo.csproj", "{920A6E8D-9ED9-4D82-BE88-68E2B52B2E93}"
EndProject
Project("{FAE04EC0-301F-11D3-BF4B-00C04F79EFBC}") = "YandexTranslateCoreSdk", "YandexTranslateCoreSdk\YandexTranslateCoreSdk.csproj", "{0A10549D-8B2F-4B1D-AF86-A204F8953CDB}"
EndProject
Global
	GlobalSection(SolutionConfigurationPlatforms) = preSolution
		Debug|Any CPU = Debug|Any CPU
		Release|Any CPU = Release|Any CPU
	EndGlobalSection
	GlobalSection(ProjectConfigurationPlatforms) = postSolution
		{5E7A4245-F0EC-4189-8387-637D7733D8C7}.Debug|Any CPU.ActiveCfg = Debug|Any CPU
		{5E7A4245-F0EC-4189-8387-637D7733D8C7}.Debug|Any CPU.Build.0 = Debug|Any CPU
		{5E7A4245-F0EC-4189-8387-637D7733D8C7}.Release|Any CPU.ActiveCfg = Release|Any CPU
		{5E7A4245-F0EC-4189-8387-637D7733D8C7}.Release|Any CPU.Build.0 = Release|Any CPU
		{D588A6BC-A8AF-4578-BCCA-0EF907998195}.Debug|Any CPU.ActiveCfg = Debug|Any CPU
		{D588A6BC-A8AF-4578-BCCA-0EF907998195}.Debug|Any CPU.Build.0 = Debug|Any CPU
		{D588A6BC-A8AF-4578-BCCA-0EF907998195}.Release|Any CPU.ActiveCfg = Release|Any CPU
		{D588A6BC-A8AF-4578-BCCA-0EF907998195}.Release|Any CPU.Build.0 = Release|Any CPU
		{920A6E8D-9ED9-4D82-BE88-68E2B52B2E93}.Debug|Any CPU.ActiveCfg = Debug|Any CPU
		{920A6E8D-9ED9-4D82-BE88-68E2B52B2E93}.Debug|Any CPU.Build.0 = Debug|Any CPU
		{920A6E8D-9ED9-4D82-BE88-68E2B52B2E93}.Release|Any CPU.ActiveCfg = Release|Any CPU
		{920A6E8D-9ED9-4D82-BE88-68E2B52B2E93}.Release|Any CPU.Build.0 = Release|Any CPU
		{0A10549D-8B2F-4B1D-AF86-A204F8953CDB}.Debug|Any CPU.ActiveCfg = Debug|Any CPU
		{0A10549D-8B2F-4B1D-AF86-A204F8953CDB}.Debug|Any CPU.Build.0 = Debug|Any CPU
		{0A10549D-8B2F-4B1D-AF86-A204F8953CDB}.Release|Any CPU.ActiveCfg = Release|Any CPU
		{0A10549D-8B2F-4B1D-AF86-A204F8953CDB}.Release|Any CPU.Build.0 = Release|Any CPU
	EndGlobalSection
	GlobalSection(SolutionProperties) = preSolution
		HideSolutionNode = FALSE
	EndGlobalSection
EndGlobal
